{
  "name": "hetong-h5-frontend",
  "version": "0.1.0",
  "lockfileVersion": 3,
  "requires": true,
  "packages": {
    "": {
      "name": "hetong-h5-frontend",
      "version": "0.1.0",
      "dependencies": {
        "petite-vue": "^0.4.1"
      }
    },
    "node_modules/petite-vue": {
      "version": "0.4.1",
      "resolved": "https://registry.npmmirror.com/petite-vue/-/petite-vue-0.4.1.tgz",
      "integrity": "sha512-/gtYKQe9r1OV4IEwn2RsPXAHgFTe1nVq4QhldAP6/l8DSe9I754K6Oe1+Ff6dbnT5P8X2XP7PTUZkGRz5uFnFQ==",
      "license": "MIT"
    }
  }
}
